Microsoft Visual Studio Solution File, Format Version 12.00
# Visual Studio Version 17
VisualStudioVersion = 17.5.2.0
MinimumVisualStudioVersion = 10.0.40219.1
Project("{2150E333-8FDC-42A3-9474-1A3956D46DE8}") = "tests", "tests", "{0AB3BF05-4346-4AA6-1389-037BE0695223}"
EndProject
Project("{FAE04EC0-301F-11D3-BF4B-00C04F79EFBC}") = "api2", "tests\notifications\api2.csproj", "{A63671E2-A475-8CD9-67E0-53FB727EAECB}"
EndProject
Project("{FAE04EC0-301F-11D3-BF4B-00C04F79EFBC}") = "api1", "tests\orders\api1.csproj", "{92D9BD56-3DE0-A521-EBF8-C91C0DD5994F}"
EndProject
Global
	GlobalSection(SolutionConfigurationPlatforms) = preSolution
		Debug|Any CPU = Debug|Any CPU
		Release|Any CPU = Release|Any CPU
	EndGlobalSection
	GlobalSection(ProjectConfigurationPlatforms) = postSolution
		{A63671E2-A475-8CD9-67E0-53FB727EAECB}.Debug|Any CPU.ActiveCfg = Debug|Any CPU
		{A63671E2-A475-8CD9-67E0-53FB727EAECB}.Debug|Any CPU.Build.0 = Debug|Any CPU
		{A63671E2-A475-8CD9-67E0-53FB727EAECB}.Release|Any CPU.ActiveCfg = Release|Any CPU
		{A63671E2-A475-8CD9-67E0-53FB727EAECB}.Release|Any CPU.Build.0 = Release|Any CPU
		{92D9BD56-3DE0-A521-EBF8-C91C0DD5994F}.Debug|Any CPU.ActiveCfg = Debug|Any CPU
		{92D9BD56-3DE0-A521-EBF8-C91C0DD5994F}.Debug|Any CPU.Build.0 = Debug|Any CPU
		{92D9BD56-3DE0-A521-EBF8-C91C0DD5994F}.Release|Any CPU.ActiveCfg = Release|Any CPU
		{92D9BD56-3DE0-A521-EBF8-C91C0DD5994F}.Release|Any CPU.Build.0 = Release|Any CPU
	EndGlobalSection
	GlobalSection(SolutionProperties) = preSolution
		HideSolutionNode = FALSE
	EndGlobalSection
	GlobalSection(NestedProjects) = preSolution
		{A63671E2-A475-8CD9-67E0-53FB727EAECB} = {0AB3BF05-4346-4AA6-1389-037BE0695223}
		{92D9BD56-3DE0-A521-EBF8-C91C0DD5994F} = {0AB3BF05-4346-4AA6-1389-037BE0695223}
	EndGlobalSection
	GlobalSection(ExtensibilityGlobals) = postSolution
		SolutionGuid = {54EFEE7D-9A5C-436C-AA65-6F265B3A4B33}
	EndGlobalSection
EndGlobal
